// !$*UTF8*$!
{
	archiveVersion = 1;
	classes = {
	};
	objectVersion = 50;
	objects = {

/* Begin PBXBuildFile section */
		D00112A9224E5AD200E633DB /* AppDelegate.swift in Sources */ = {isa = PBXBuildFile; fileRef = D00112A8224E5AD200E633DB /* AppDelegate.swift */; };
		D00112AB224E5AD200E633DB /* ViewController.swift in Sources */ = {isa = PBXBuildFile; fileRef = D00112AA224E5AD200E633DB /* ViewController.swift */; };
		D00112AE224E5AD200E633DB /* Main.storyboard in Resources */ = {isa = PBXBuildFile; fileRef = D00112AC224E5AD200E633DB /* Main.storyboard */; };
		D00112B0224E5AD300E633DB /* Assets.xcassets in Resources */ = {isa = PBXBuildFile; fileRef = D00112AF224E5AD300E633DB /* Assets.xcassets */; };
		D00112B3224E5AD300E633DB /* LaunchScreen.storyboard in Resources */ = {isa = PBXBuildFile; fileRef = D00112B1224E5AD300E633DB /* LaunchScreen.storyboard */; };
		D00112BB224E5CD000E633DB /* DetailViewController.swift in Sources */ = {isa = PBXBuildFile; fileRef = D00112BA224E5CD000E633DB /* DetailViewController.swift */; };
		D00112BD224E5FE800E633DB /* Image.swift in Sources */ = {isa = PBXBuildFile; fileRef = D00112BC224E5FE800E633DB /* Image.swift */; };
		D00112BF224E691000E633DB /* Helper.swift in Sources */ = {isa = PBXBuildFile; fileRef = D00112BE224E691000E633DB /* Helper.swift */; };
/* End PBXBuildFile section */

/* Begin PBXFileReference section */
		D00112A5224E5AD200E633DB /* Day50.app */ = {isa = PBXFileReference; explicitFileType = wrapper.application; includeInIndex = 0; path = Day50.app; sourceTree = BUILT_PRODUCTS_DIR; };
		D00112A8224E5AD200E633DB /* AppDelegate.swift */ = {isa = PBXFileReference; lastKnownFileType = sourcecode.swift; path = AppDelegate.swift; sourceTree = "<group>"; };
		D00112AA224E5AD200E633DB /* ViewController.swift */ = {isa = PBXFileReference; lastKnownFileType = sourcecode.swift; path = ViewController.swift; sourceTree = "<group>"; };
		D00112AD224E5AD200E633DB /* Base */ = {isa = PBXFileReference; lastKnownFileType = file.storyboard; name = Base; path = Base.lproj/Main.storyboard; sourceTree = "<group>"; };
		D00112AF224E5AD300E633DB /* Assets.xcassets */ = {isa = PBXFileReference; lastKnownFileType = folder.assetcatalog; path = Assets.xcassets; sourceTree = "<group>"; };
		D00112B2224E5AD300E633DB /* Base */ = {isa = PBXFileReference; lastKnownFileType = file.storyboard; name = Base; path = Base.lproj/LaunchScreen.storyboard; sourceTree = "<group>"; };
		D00112B4224E5AD300E633DB /* Info.plist */ = {isa = PBXFileReference; lastKnownFileType = text.plist.xml; path = Info.plist; sourceTree = "<group>"; };
		D00112BA224E5CD000E633DB /* DetailViewController.swift */ = {isa = PBXFileReference; lastKnownFileType = sourcecode.swift; path = DetailViewController.swift; sourceTree = "<group>"; };
		D00112BC224E5FE800E633DB /* Image.swift */ = {isa = PBXFileReference; lastKnownFileType = sourcecode.swift; path = Image.swift; sourceTree = "<group>"; };
		D00112BE224E691000E633DB /* Helper.swift */ = {isa = PBXFileReference; lastKnownFileType = sourcecode.swift; path = Helper.swift; sourceTree = "<group>"; };
/* End PBXFileReference section */

/* Begin PBXFrameworksBuildPhase section */
		D00112A2224E5AD200E633DB /* Frameworks */ = {
			isa = PBXFrameworksBuildPhase;
			buildActionMask = 2147483647;
			files = (
			);
			runOnlyForDeploymentPostprocessing = 0;
		};
/* End PBXFrameworksBuildPhase section */

/* Begin PBXGroup section */
		D001129C224E5AD200E633DB = {
			isa = PBXGroup;
			children = (
				D00112A7224E5AD200E633DB /* Day50 */,
				D00112A6224E5AD200E633DB /* Products */,
			);
			sourceTree = "<group>";
		};
		D00112A6224E5AD200E633DB /* Products */ = {
			isa = PBXGroup;
			children = (
				D00112A5224E5AD200E633DB /* Day50.app */,
			);
			name = Products;
			sourceTree = "<group>";
		};
		D00112A7224E5AD200E633DB /* Day50 */ = {
			isa = PBXGroup;
			children = (
				D00112A8224E5AD200E633DB /* AppDelegate.swift */,
				D00112AA224E5AD200E633DB /* ViewController.swift */,
				D00112AC224E5AD200E633DB /* Main.storyboard */,
				D00112AF224E5AD300E633DB /* Assets.xcassets */,
				D00112B1224E5AD300E633DB /* LaunchScreen.storyboard */,
				D00112B4224E5AD300E633DB /* Info.plist */,
				D00112BA224E5CD000E633DB /* DetailViewController.swift */,
				D00112BC224E5FE800E633DB /* Image.swift */,
				D00112BE224E691000E633DB /* Helper.swift */,
			);
			path = Day50;
			sourceTree = "<group>";
		};
/* End PBXGroup section */

/* Begin PBXNativeTarget section */
		D00112A4224E5AD200E633DB /* Day50 */ = {
			isa = PBXNativeTarget;
			buildConfigurationList = D00112B7224E5AD300E633DB /* Build configuration list for PBXNativeTarget "Day50" */;
			buildPhases = (
				D00112A1224E5AD200E633DB /* Sources */,
				D00112A2224E5AD200E633DB /* Frameworks */,
				D00112A3224E5AD200E633DB /* Resources */,
			);
			buildRules = (
			);
			dependencies = (
			);
			name = Day50;
			productName = Day50;
			productReference = D00112A5224E5AD200E633DB /* Day50.app */;
			productType = "com.apple.product-type.application";
		};
/* End PBXNativeTarget section */

/* Begin PBXProject section */
		D001129D224E5AD200E633DB /* Project object */ = {
			isa = PBXProject;
			attributes = {
				LastSwiftUpdateCheck = 1020;
				LastUpgradeCheck = 1020;
				ORGANIZATIONNAME = "Peter Salz App Development";
				TargetAttributes = {
					D00112A4224E5AD200E633DB = {
						CreatedOnToolsVersion = 10.2;
					};
				};
			};
			buildConfigurationList = D00112A0224E5AD200E633DB /* Build configuration list for PBXProject "Day50" */;
			compatibilityVersion = "Xcode 9.3";
			developmentRegion = en;
			hasScannedForEncodings = 0;
			knownRegions = (
				en,
				Base,
			);
			mainGroup = D001129C224E5AD200E633DB;
			productRefGroup = D00112A6224E5AD200E633DB /* Products */;
			projectDirPath = "";
			projectRoot = "";
			targets = (
				D00112A4224E5AD200E633DB /* Day50 */,
			);
		};
/* End PBXProject section */

/* Begin PBXResourcesBuildPhase section */
		D00112A3224E5AD200E633DB /* Resources */ = {
			isa = PBXResourcesBuildPhase;
			buildActionMask = 2147483647;
			files = (
				D00112B3224E5AD300E633DB /* LaunchScreen.storyboard in Resources */,
				D00112B0224E5AD300E633DB /* Assets.xcassets in Resources */,
				D00112AE224E5AD200E633DB /* Main.storyboard in Resources */,
			);
			runOnlyForDeploymentPostprocessing = 0;
		};
/* End PBXResourcesBuildPhase section */

/* Begin PBXSourcesBuildPhase section */
		D00112A1224E5AD200E633DB /* Sources */ = {
			isa = PBXSourcesBuildPhase;
			buildActionMask = 2147483647;
			files = (
				D00112BB224E5CD000E633DB /* DetailViewController.swift in Sources */,
				D00112BD224E5FE800E633DB /* Image.swift in Sources */,
				D00112BF224E691000E633DB /* Helper.swift in Sources */,
				D00112AB224E5AD200E633DB /* ViewController.swift in Sources */,
				D00112A9224E5AD200E633DB /* AppDelegate.swift in Sources */,
			);
			runOnlyForDeploymentPostprocessing = 0;
		};
/* End PBXSourcesBuildPhase section */

/* Begin PBXVariantGroup section */
		D00112AC224E5AD200E633DB /* Main.storyboard */ = {
			isa = PBXVariantGroup;
			children = (
				D00112AD224E5AD200E633DB /* Base */,
			);
			name = Main.storyboard;
			sourceTree = "<group>";
		};
		D00112B1224E5AD300E633DB /* LaunchScreen.storyboard */ = {
			isa = PBXVariantGroup;
			children = (
				D00112B2224E5AD300E633DB /* Base */,
			);
			name = LaunchScreen.storyboard;
			sourceTree = "<group>";
		};
/* End PBXVariantGroup section */

/* Begin XCBuildConfiguration section */
		D00112B5224E5AD300E633DB /* Debug */ = {
			isa = XCBuildConfiguration;
			buildSettings = {
				ALWAYS_SEARCH_USER_PATHS = NO;
				CLANG_ANALYZER_NONNULL = YES;
				CLANG_ANALYZER_NUMBER_OBJECT_CONVERSION = YES_AGGRESSIVE;
				CLANG_CXX_LANGUAGE_STANDARD = "gnu++14";
				CLANG_CXX_LIBRARY = "libc++";
				CLANG_ENABLE_MODULES = YES;
				CLANG_ENABLE_OBJC_ARC = YES;
				CLANG_ENABLE_OBJC_WEAK = YES;
				CLANG_WARN_BLOCK_CAPTURE_AUTORELEASING = YES;
				CLANG_WARN_BOOL_CONVERSION = YES;
				CLANG_WARN_COMMA = YES;
				CLANG_WARN_CONSTANT_CONVERSION = YES;
				CLANG_WARN_DEPRECATED_OBJC_IMPLEMENTATIONS = YES;
				CLANG_WARN_DIRECT_OBJC_ISA_USAGE = YES_ERROR;
				CLANG_WARN_DOCUMENTATION_COMMENTS = YES;
				CLANG_WARN_EMPTY_BODY = YES;
				CLANG_WARN_ENUM_CONVERSION = YES;
				CLANG_WARN_INFINITE_RECURSION = YES;
				CLANG_WARN_INT_CONVERSION = YES;
				CLANG_WARN_NON_LITERAL_NULL_CONVERSION = YES;
				CLANG_WARN_OBJC_IMPLICIT_RETAIN_SELF = YES;
				CLANG_WARN_OBJC_LITERAL_CONVERSION = YES;
				CLANG_WARN_OBJC_ROOT_CLASS = YES_ERROR;
				CLANG_WARN_RANGE_LOOP_ANALYSIS = YES;
				CLANG_WARN_STRICT_PROTOTYPES = YES;
				CLANG_WARN_SUSPICIOUS_MOVE = YES;
				CLANG_WARN_UNGUARDED_AVAILABILITY = YES_AGGRESSIVE;
				CLANG_WARN_UNREACHABLE_CODE = YES;
				CLANG_WARN__DUPLICATE_METHOD_MATCH = YES;
				CODE_SIGN_IDENTITY = "iPhone Developer";
				COPY_PHASE_STRIP = NO;
				DEBUG_INFORMATION_FORMAT = dwarf;
				ENABLE_STRICT_OBJC_MSGSEND = YES;
				ENABLE_TESTABILITY = YES;
				GCC_C_LANGUAGE_STANDARD = gnu11;
				GCC_DYNAMIC_NO_PIC = NO;
				GCC_NO_COMMON_BLOCKS = YES;
				GCC_OPTIMIZATION_LEVEL = 0;
				GCC_PREPROCESSOR_DEFINITIONS = (
					"DEBUG=1",
					"$(inherited)",
				);
				GCC_WARN_64_TO_32_BIT_CONVERSION = YES;
				GCC_WARN_ABOUT_RETURN_TYPE = YES_ERROR;
				GCC_WARN_UNDECLARED_SELECTOR = YES;
				GCC_WARN_UNINITIALIZED_AUTOS = YES_AGGRESSIVE;
				GCC_WARN_UNUSED_FUNCTION = YES;
				GCC_WARN_UNUSED_VARIABLE = YES;
				IPHONEOS_DEPLOYMENT_TARGET = 12.2;
				MTL_ENABLE_DEBUG_INFO = INCLUDE_SOURCE;
				MTL_FAST_MATH = YES;
				ONLY_ACTIVE_ARCH = YES;
				SDKROOT = iphoneos;
				SWIFT_ACTIVE_COMPILATION_CONDITIONS = DEBUG;
				SWIFT_OPTIMIZATION_LEVEL = "-Onone";
			};
			name = Debug;
		};
		D00112B6224E5AD300E633DB /* Release */ = {
			isa = XCBuildConfiguration;
			buildSettings = {
				ALWAYS_SEARCH_USER_PATHS = NO;
				CLANG_ANALYZER_NONNULL = YES;
				CLANG_ANALYZER_NUMBER_OBJECT_CONVERSION = YES_AGGRESSIVE;
				CLANG_CXX_LANGUAGE_STANDARD = "gnu++14";
				CLANG_CXX_LIBRARY = "libc++";
				CLANG_ENABLE_MODULES = YES;
				CLANG_ENABLE_OBJC_ARC = YES;
				CLANG_ENABLE_OBJC_WEAK = YES;
				CLANG_WARN_BLOCK_CAPTURE_AUTORELEASING = YES;
				CLANG_WARN_BOOL_CONVERSION = YES;
				CLANG_WARN_COMMA = YES;
				CLANG_WARN_CONSTANT_CONVERSION = YES;
				CLANG_WARN_DEPRECATED_OBJC_IMPLEMENTATIONS = YES;
				CLANG_WARN_DIRECT_OBJC_ISA_USAGE = YES_ERROR;
				CLANG_WARN_DOCUMENTATION_COMMENTS = YES;
				CLANG_WARN_EMPTY_BODY = YES;
				CLANG_WARN_ENUM_CONVERSION = YES;
				CLANG_WARN_INFINITE_RECURSION = YES;
				CLANG_WARN_INT_CONVERSION = YES;
				CLANG_WARN_NON_LITERAL_NULL_CONVERSION = YES;
				CLANG_WARN_OBJC_IMPLICIT_RETAIN_SELF = YES;
				CLANG_WARN_OBJC_LITERAL_CONVERSION = YES;
				CLANG_WARN_OBJC_ROOT_CLASS = YES_ERROR;
				CLANG_WARN_RANGE_LOOP_ANALYSIS = YES;
				CLANG_WARN_STRICT_PROTOTYPES = YES;
				CLANG_WARN_SUSPICIOUS_MOVE = YES;
				CLANG_WARN_UNGUARDED_AVAILABILITY = YES_AGGRESSIVE;
				CLANG_WARN_UNREACHABLE_CODE = YES;
				CLANG_WARN__DUPLICATE_METHOD_MATCH = YES;
				CODE_SIGN_IDENTITY = "iPhone Developer";
				COPY_PHASE_STRIP = NO;
				DEBUG_INFORMATION_FORMAT = "dwarf-with-dsym";
				ENABLE_NS_ASSERTIONS = NO;
				ENABLE_STRICT_OBJC_MSGSEND = YES;
				GCC_C_LANGUAGE_STANDARD = gnu11;
				GCC_NO_COMMON_BLOCKS = YES;
				GCC_WARN_64_TO_32_BIT_CONVERSION = YES;
				GCC_WARN_ABOUT_RETURN_TYPE = YES_ERROR;
				GCC_WARN_UNDECLARED_SELECTOR = YES;
				GCC_WARN_UNINITIALIZED_AUTOS = YES_AGGRESSIVE;
				GCC_WARN_UNUSED_FUNCTION = YES;
				GCC_WARN_UNUSED_VARIABLE = YES;
				IPHONEOS_DEPLOYMENT_TARGET = 12.2;
				MTL_ENABLE_DEBUG_INFO = NO;
				MTL_FAST_MATH = YES;
				SDKROOT = iphoneos;
				SWIFT_COMPILATION_MODE = wholemodule;
				SWIFT_OPTIMIZATION_LEVEL = "-O";
				VALIDATE_PRODUCT = YES;
			};
			name = Release;
		};
		D00112B8224E5AD300E633DB /* Debug */ = {
			isa = XCBuildConfiguration;
			buildSettings = {
				ASSETCATALOG_COMPILER_APPICON_NAME = AppIcon;
				CODE_SIGN_STYLE = Automatic;
				CURRENT_PROJECT_VERSION = 3;
				DEVELOPMENT_TEAM = 535DKE8RS4;
				INFOPLIST_FILE = Day50/Info.plist;
				IPHONEOS_DEPLOYMENT_TARGET = 13.0;
				LD_RUNPATH_SEARCH_PATHS = (
					"$(inherited)",
					"@executable_path/Frameworks",
				);
				MARKETING_VERSION = 1.0.1;
				PRODUCT_BUNDLE_IDENTIFIER = com.petersalz.Day50;
				PRODUCT_NAME = "$(TARGET_NAME)";
				SWIFT_VERSION = 5.0;
				TARGETED_DEVICE_FAMILY = "1,2";
			};
			name = Debug;
		};
		D00112B9224E5AD300E633DB /* Release */ = {
			isa = XCBuildConfiguration;
			buildSettings = {
				ASSETCATALOG_COMPILER_APPICON_NAME = AppIcon;
				CODE_SIGN_STYLE = Automatic;
				CURRENT_PROJECT_VERSION = 3;
				DEVELOPMENT_TEAM = 535DKE8RS4;
				INFOPLIST_FILE = Day50/Info.plist;
				IPHONEOS_DEPLOYMENT_TARGET = 13.0;
				LD_RUNPATH_SEARCH_PATHS = (
					"$(inherited)",
					"@executable_path/Frameworks",
				);
				MARKETING_VERSION = 1.0.1;
				PRODUCT_BUNDLE_IDENTIFIER = com.petersalz.Day50;
				PRODUCT_NAME = "$(TARGET_NAME)";
				SWIFT_VERSION = 5.0;
				TARGETED_DEVICE_FAMILY = "1,2";
			};
			name = Release;
		};
/* End XCBuildConfiguration section */

/* Begin XCConfigurationList section */
		D00112A0224E5AD200E633DB /* Build configuration list for PBXProject "Day50" */ = {
			isa = XCConfigurationList;
			buildConfigurations = (
				D00112B5224E5AD300E633DB /* Debug */,
				D00112B6224E5AD300E633DB /* Release */,
			);
			defaultConfigurationIsVisible = 0;
			defaultConfigurationName = Release;
		};
		D00112B7224E5AD300E633DB /* Build configuration list for PBXNativeTarget "Day50" */ = {
			isa = XCConfigurationList;
			buildConfigurations = (
				D00112B8224E5AD300E633DB /* Debug */,
				D00112B9224E5AD300E633DB /* Release */,
			);
			defaultConfigurationIsVisible = 0;
			defaultConfigurationName = Release;
		};
/* End XCConfigurationList section */
	};
	rootObject = D001129D224E5AD200E633DB /* Project object */;
}
